<Solution>
  <Folder Name="/API/">
    <Project Path="IssueTracker/IssueTracker.API.csproj" />
  </Folder>
  <Folder Name="/Application/">
    <Project Path="Application/IssueTracker.Application.csproj" />
  </Folder>
  <Folder Name="/Core/">
    <Project Path="Domain/IssueTracker.Core.csproj" />
  </Folder>
  <Folder Name="/Infrastructure/">
    <Project Path="Infrastructure/IssueTracker.Infrastructure.csproj" />
  </Folder>
</Solution>
